
Microsoft Visual Studio Solution File, Format Version 12.00
# Visual Studio 14
VisualStudioVersion = 14.0.25123.0
MinimumVisualStudioVersion = 10.0.40219.1
Project("{FAE04EC0-301F-11D3-BF4B-00C04F79EFBC}") = "CouchbaseNETDemo", "CouchbaseNETDemo\CouchbaseNETDemo.csproj", "{1F95F38B-42F0-4E89-A26F-09764BC15B8F}"
EndProject
Project("{FAE04EC0-301F-11D3-BF4B-00C04F79EFBC}") = "Datageneration", "Datageneration\Datageneration.csproj", "{07748606-3C3F-46F6-BE06-287155598DF3}"
EndProject
Project("{FAE04EC0-301F-11D3-BF4B-00C04F79EFBC}") = "DataObjects", "DataObjects\DataObjects.csproj", "{249DE324-7AF8-4054-8886-41169E33AAF5}"
EndProject
Project("{FAE04EC0-301F-11D3-BF4B-00C04F79EFBC}") = "CouchbaseNETDemoTestSuite", "CouchbaseNETDemoTestSuite\CouchbaseNETDemoTestSuite.csproj", "{71B7939D-99F0-49CC-BE0D-FA786D9C9D50}"
EndProject
Global
	GlobalSection(SolutionConfigurationPlatforms) = preSolution
		Debug|Any CPU = Debug|Any CPU
		Release|Any CPU = Release|Any CPU
	EndGlobalSection
	GlobalSection(ProjectConfigurationPlatforms) = postSolution
		{1F95F38B-42F0-4E89-A26F-09764BC15B8F}.Debug|Any CPU.ActiveCfg = Debug|Any CPU
		{1F95F38B-42F0-4E89-A26F-09764BC15B8F}.Debug|Any CPU.Build.0 = Debug|Any CPU
		{1F95F38B-42F0-4E89-A26F-09764BC15B8F}.Release|Any CPU.ActiveCfg = Release|Any CPU
		{1F95F38B-42F0-4E89-A26F-09764BC15B8F}.Release|Any CPU.Build.0 = Release|Any CPU
		{07748606-3C3F-46F6-BE06-287155598DF3}.Debug|Any CPU.ActiveCfg = Debug|Any CPU
		{07748606-3C3F-46F6-BE06-287155598DF3}.Debug|Any CPU.Build.0 = Debug|Any CPU
		{07748606-3C3F-46F6-BE06-287155598DF3}.Release|Any CPU.ActiveCfg = Release|Any CPU
		{07748606-3C3F-46F6-BE06-287155598DF3}.Release|Any CPU.Build.0 = Release|Any CPU
		{249DE324-7AF8-4054-8886-41169E33AAF5}.Debug|Any CPU.ActiveCfg = Debug|Any CPU
		{249DE324-7AF8-4054-8886-41169E33AAF5}.Debug|Any CPU.Build.0 = Debug|Any CPU
		{249DE324-7AF8-4054-8886-41169E33AAF5}.Release|Any CPU.ActiveCfg = Release|Any CPU
		{249DE324-7AF8-4054-8886-41169E33AAF5}.Release|Any CPU.Build.0 = Release|Any CPU
		{71B7939D-99F0-49CC-BE0D-FA786D9C9D50}.Debug|Any CPU.ActiveCfg = Debug|Any CPU
		{71B7939D-99F0-49CC-BE0D-FA786D9C9D50}.Debug|Any CPU.Build.0 = Debug|Any CPU
		{71B7939D-99F0-49CC-BE0D-FA786D9C9D50}.Release|Any CPU.ActiveCfg = Release|Any CPU
		{71B7939D-99F0-49CC-BE0D-FA786D9C9D50}.Release|Any CPU.Build.0 = Release|Any CPU
	EndGlobalSection
	GlobalSection(SolutionProperties) = preSolution
		HideSolutionNode = FALSE
	EndGlobalSection
EndGlobal
